# THIS IS AN AUTOGENERATED FILE. DO NOT EDIT THIS FILE DIRECTLY.
# yarn lockfile v1


chevrotain@^4.8.0:
  version "4.8.0"
  resolved "https://registry.yarnpkg.com/chevrotain/-/chevrotain-4.8.0.tgz#f5e00fb45a0ba663dbc5026b67ab51734f866db6"
  integrity sha512-KgOLJY8ObMU12hDVCH1EQM6xadUW/fi9JXzVslG6K8gBjwccpbeQgoMpLqIMONtajYk/wnqIe38FCbxrgYHW6A==
  dependencies:
    regexp-to-ast "0.4.0"

regexp-to-ast@0.4.0:
  version "0.4.0"
  resolved "https://registry.yarnpkg.com/regexp-to-ast/-/regexp-to-ast-0.4.0.tgz#f3dbcb42726cd71902ba50193f63eab5325cd7cb"
  integrity sha512-4qf/7IsIKfSNHQXSwial1IFmfM1Cc/whNBQqRwe0V2stPe7KmN1U0tWQiIx6JiirgSrisjE0eECdNf7Tav1Ntw==

typescript@^3.5.2:
  version "3.5.2"
  resolved "https://registry.yarnpkg.com/typescript/-/typescript-3.5.2.tgz#a09e1dc69bc9551cadf17dba10ee42cf55e5d56c"
  integrity sha512-7KxJovlYhTX5RaRbUdkAXN1KUZ8PwWlTzQdHV6xNqvuFOs7+WBo10TQUqT19Q/Jz2hk5v9TQDIhyLhhJY4p5AA==
